
Microsoft Visual Studio Solution File, Format Version 12.00
# Visual Studio Version 17
VisualStudioVersion = 17.2.32526.322
MinimumVisualStudioVersion = 10.0.40219.1
Project("{FAE04EC0-301F-11D3-BF4B-00C04F79EFBC}") = "Polo_Bingo_V1.1", "Polo_Bingo_V1.1\Polo_Bingo_V1.1.csproj", "{0F861DB0-CF6C-4321-BA4E-0D6F90E48FAE}"
EndProject
Global
	GlobalSection(SolutionConfigurationPlatforms) = preSolution
		Debug|Any CPU = Debug|Any CPU
		Release|Any CPU = Release|Any CPU
	EndGlobalSection
	GlobalSection(ProjectConfigurationPlatforms) = postSolution
		{0F861DB0-CF6C-4321-BA4E-0D6F90E48FAE}.Debug|Any CPU.ActiveCfg = Debug|Any CPU
		{0F861DB0-CF6C-4321-BA4E-0D6F90E48FAE}.Debug|Any CPU.Build.0 = Debug|Any CPU
		{0F861DB0-CF6C-4321-BA4E-0D6F90E48FAE}.Release|Any CPU.ActiveCfg = Release|Any CPU
		{0F861DB0-CF6C-4321-BA4E-0D6F90E48FAE}.Release|Any CPU.Build.0 = Release|Any CPU
	EndGlobalSection
	GlobalSection(SolutionProperties) = preSolution
		HideSolutionNode = FALSE
	EndGlobalSection
	GlobalSection(ExtensibilityGlobals) = postSolution
		SolutionGuid = {F5577B42-C8AC-472F-9672-84BD835EFF0E}
	EndGlobalSection
EndGlobal
